// !$*UTF8*$!
{
	archiveVersion = 1;
	classes = {
	};
	objectVersion = 51;
	objects = {

/* Begin PBXBuildFile section */
		2532358292C20A938F274D28 /* libPods-Clicker.a in Frameworks */ = {isa = PBXBuildFile; fileRef = F201337036166D770BB3589C /* libPods-Clicker.a */; };
		6A0821A026019B450079285D /* AppDelegate.swift in Sources */ = {isa = PBXBuildFile; fileRef = 6A08219F26019B450079285D /* AppDelegate.swift */; };
		6A0821A226019B450079285D /* SceneDelegate.swift in Sources */ = {isa = PBXBuildFile; fileRef = 6A0821A126019B450079285D /* SceneDelegate.swift */; };
		6A0821A426019B450079285D /* ViewController.swift in Sources */ = {isa = PBXBuildFile; fileRef = 6A0821A326019B450079285D /* ViewController.swift */; };
		6A0821A726019B450079285D /* Main.storyboard in Resources */ = {isa = PBXBuildFile; fileRef = 6A0821A526019B450079285D /* Main.storyboard */; };
		6A0821A926019B470079285D /* Assets.xcassets in Resources */ = {isa = PBXBuildFile; fileRef = 6A0821A826019B470079285D /* Assets.xcassets */; };
		6A0821AC26019B470079285D /* LaunchScreen.storyboard in Resources */ = {isa = PBXBuildFile; fileRef = 6A0821AA26019B470079285D /* LaunchScreen.storyboard */; };
		6A694B8C2615B84300816808 /* GoogleService-Info.plist in Resources */ = {isa = PBXBuildFile; fileRef = 6A694B8B2615B84300816808 /* GoogleService-Info.plist */; };
		6A765893261376FE00790F29 /* Utilities.swift in Sources */ = {isa = PBXBuildFile; fileRef = 6A765892261376FE00790F29 /* Utilities.swift */; };
		6A9E9B7C26158F57005DAE0A /* LeaderboardTableViewController.swift in Sources */ = {isa = PBXBuildFile; fileRef = 6A9E9B7B26158F57005DAE0A /* LeaderboardTableViewController.swift */; };
		6AB334F426136900006698D8 /* SignUpViewController.swift in Sources */ = {isa = PBXBuildFile; fileRef = 6AB334F326136900006698D8 /* SignUpViewController.swift */; };
		6AB334F726136916006698D8 /* LogInViewController.swift in Sources */ = {isa = PBXBuildFile; fileRef = 6AB334F626136916006698D8 /* LogInViewController.swift */; };
		6AB334FA26136925006698D8 /* HomeViewController.swift in Sources */ = {isa = PBXBuildFile; fileRef = 6AB334F926136925006698D8 /* HomeViewController.swift */; };
		6AC303FE26147A890056C468 /* Constants.swift in Sources */ = {isa = PBXBuildFile; fileRef = 6AC303FD26147A890056C468 /* Constants.swift */; };
		6AC30404261486380056C468 /* swiftimage.jpg in Resources */ = {isa = PBXBuildFile; fileRef = 6AC30403261486380056C468 /* swiftimage.jpg */; };
/* End PBXBuildFile section */

/* Begin PBXFileReference section */
		18FE24A3DF95F84F3FEDC26C /* Pods-Clicker.debug.xcconfig */ = {isa = PBXFileReference; includeInIndex = 1; lastKnownFileType = text.xcconfig; name = "Pods-Clicker.debug.xcconfig"; path = "Target Support Files/Pods-Clicker/Pods-Clicker.debug.xcconfig"; sourceTree = "<group>"; };
		6A08219C26019B450079285D /* Clicker.app */ = {isa = PBXFileReference; explicitFileType = wrapper.application; includeInIndex = 0; path = Clicker.app; sourceTree = BUILT_PRODUCTS_DIR; };
		6A08219F26019B450079285D /* AppDelegate.swift */ = {isa = PBXFileReference; lastKnownFileType = sourcecode.swift; path = AppDelegate.swift; sourceTree = "<group>"; };
		6A0821A126019B450079285D /* SceneDelegate.swift */ = {isa = PBXFileReference; lastKnownFileType = sourcecode.swift; path = SceneDelegate.swift; sourceTree = "<group>"; };
		6A0821A326019B450079285D /* ViewController.swift */ = {isa = PBXFileReference; lastKnownFileType = sourcecode.swift; path = ViewController.swift; sourceTree = "<group>"; };
		6A0821A626019B450079285D /* Base */ = {isa = PBXFileReference; lastKnownFileType = file.storyboard; name = Base; path = Base.lproj/Main.storyboard; sourceTree = "<group>"; };
		6A0821A826019B470079285D /* Assets.xcassets */ = {isa = PBXFileReference; lastKnownFileType = folder.assetcatalog; path = Assets.xcassets; sourceTree = "<group>"; };
		6A0821AB26019B470079285D /* Base */ = {isa = PBXFileReference; lastKnownFileType = file.storyboard; name = Base; path = Base.lproj/LaunchScreen.storyboard; sourceTree = "<group>"; };
		6A0821AD26019B470079285D /* Info.plist */ = {isa = PBXFileReference; lastKnownFileType = text.plist.xml; path = Info.plist; sourceTree = "<group>"; };
		6A694B8B2615B84300816808 /* GoogleService-Info.plist */ = {isa = PBXFileReference; fileEncoding = 4; lastKnownFileType = text.plist.xml; path = "GoogleService-Info.plist"; sourceTree = "<group>"; };
		6A765892261376FE00790F29 /* Utilities.swift */ = {isa = PBXFileReference; fileEncoding = 4; lastKnownFileType = sourcecode.swift; name = Utilities.swift; path = ../../../../../../../Downloads/CustomLoginDemo/CustomLoginDemo/Helpers/Utilities.swift; sourceTree = "<group>"; };
		6A9E9B7B26158F57005DAE0A /* LeaderboardTableViewController.swift */ = {isa = PBXFileReference; lastKnownFileType = sourcecode.swift; path = LeaderboardTableViewController.swift; sourceTree = "<group>"; };
		6AB334F326136900006698D8 /* SignUpViewController.swift */ = {isa = PBXFileReference; lastKnownFileType = sourcecode.swift; path = SignUpViewController.swift; sourceTree = "<group>"; };
		6AB334F626136916006698D8 /* LogInViewController.swift */ = {isa = PBXFileReference; lastKnownFileType = sourcecode.swift; path = LogInViewController.swift; sourceTree = "<group>"; };
		6AB334F926136925006698D8 /* HomeViewController.swift */ = {isa = PBXFileReference; lastKnownFileType = sourcecode.swift; path = HomeViewController.swift; sourceTree = "<group>"; };
		6AC303FD26147A890056C468 /* Constants.swift */ = {isa = PBXFileReference; lastKnownFileType = sourcecode.swift; path = Constants.swift; sourceTree = "<group>"; };
		6AC30403261486380056C468 /* swiftimage.jpg */ = {isa = PBXFileReference; lastKnownFileType = image.jpeg; path = swiftimage.jpg; sourceTree = "<group>"; };
		B13D33DAD3BD0D03949B1884 /* Pods-Clicker.release.xcconfig */ = {isa = PBXFileReference; includeInIndex = 1; lastKnownFileType = text.xcconfig; name = "Pods-Clicker.release.xcconfig"; path = "Target Support Files/Pods-Clicker/Pods-Clicker.release.xcconfig"; sourceTree = "<group>"; };
		F201337036166D770BB3589C /* libPods-Clicker.a */ = {isa = PBXFileReference; explicitFileType = archive.ar; includeInIndex = 0; path = "libPods-Clicker.a"; sourceTree = BUILT_PRODUCTS_DIR; };
/* End PBXFileReference section */

/* Begin PBXFrameworksBuildPhase section */
		6A08219926019B450079285D /* Frameworks */ = {
			isa = PBXFrameworksBuildPhase;
			buildActionMask = 2147483647;
			files = (
				2532358292C20A938F274D28 /* libPods-Clicker.a in Frameworks */,
			);
			runOnlyForDeploymentPostprocessing = 0;
		};
/* End PBXFrameworksBuildPhase section */

/* Begin PBXGroup section */
		15DCAE7B767936360AE63F0C /* Frameworks */ = {
			isa = PBXGroup;
			children = (
				F201337036166D770BB3589C /* libPods-Clicker.a */,
			);
			name = Frameworks;
			sourceTree = "<group>";
		};
		6A08219326019B450079285D = {
			isa = PBXGroup;
			children = (
				6A08219E26019B450079285D /* Clicker */,
				6A08219D26019B450079285D /* Products */,
				C1AF0464F3D17CC29E2AE81A /* Pods */,
				15DCAE7B767936360AE63F0C /* Frameworks */,
			);
			sourceTree = "<group>";
		};
		6A08219D26019B450079285D /* Products */ = {
			isa = PBXGroup;
			children = (
				6A08219C26019B450079285D /* Clicker.app */,
			);
			name = Products;
			sourceTree = "<group>";
		};
		6A08219E26019B450079285D /* Clicker */ = {
			isa = PBXGroup;
			children = (
				6AC304022614862E0056C468 /* Media */,
				6A765892261376FE00790F29 /* Utilities.swift */,
				6AC303FD26147A890056C468 /* Constants.swift */,
				6AB334FC26136958006698D8 /* View Controllers */,
				6A08219F26019B450079285D /* AppDelegate.swift */,
				6A0821A126019B450079285D /* SceneDelegate.swift */,
				6A0821A526019B450079285D /* Main.storyboard */,
				6A0821A826019B470079285D /* Assets.xcassets */,
				6A0821AA26019B470079285D /* LaunchScreen.storyboard */,
				6A0821AD26019B470079285D /* Info.plist */,
				6A694B8B2615B84300816808 /* GoogleService-Info.plist */,
			);
			path = Clicker;
			sourceTree = "<group>";
		};
		6AB334FC26136958006698D8 /* View Controllers */ = {
			isa = PBXGroup;
			children = (
				6A0821A326019B450079285D /* ViewController.swift */,
				6AB334F326136900006698D8 /* SignUpViewController.swift */,
				6AB334F626136916006698D8 /* LogInViewController.swift */,
				6AB334F926136925006698D8 /* HomeViewController.swift */,
				6A9E9B7B26158F57005DAE0A /* LeaderboardTableViewController.swift */,
			);
			path = "View Controllers";
			sourceTree = "<group>";
		};
		6AC304022614862E0056C468 /* Media */ = {
			isa = PBXGroup;
			children = (
				6AC30403261486380056C468 /* swiftimage.jpg */,
			);
			path = Media;
			sourceTree = "<group>";
		};
		C1AF0464F3D17CC29E2AE81A /* Pods */ = {
			isa = PBXGroup;
			children = (
				18FE24A3DF95F84F3FEDC26C /* Pods-Clicker.debug.xcconfig */,
				B13D33DAD3BD0D03949B1884 /* Pods-Clicker.release.xcconfig */,
			);
			path = Pods;
			sourceTree = "<group>";
		};
/* End PBXGroup section */

/* Begin PBXNativeTarget section */
		6A08219B26019B450079285D /* Clicker */ = {
			isa = PBXNativeTarget;
			buildConfigurationList = 6A0821B026019B470079285D /* Build configuration list for PBXNativeTarget "Clicker" */;
			buildPhases = (
				6D60F8AD0905F85CBB3DFDA8 /* [CP] Check Pods Manifest.lock */,
				6A08219826019B450079285D /* Sources */,
				6A08219926019B450079285D /* Frameworks */,
				6A08219A26019B450079285D /* Resources */,
				64E3DB423EEF1C6D3E1C81D9 /* [CP] Copy Pods Resources */,
			);
			buildRules = (
			);
			dependencies = (
			);
			name = Clicker;
			productName = Clicker;
			productReference = 6A08219C26019B450079285D /* Clicker.app */;
			productType = "com.apple.product-type.application";
		};
/* End PBXNativeTarget section */

/* Begin PBXProject section */
		6A08219426019B450079285D /* Project object */ = {
			isa = PBXProject;
			attributes = {
				LastSwiftUpdateCheck = 1240;
				LastUpgradeCheck = 1240;
				TargetAttributes = {
					6A08219B26019B450079285D = {
						CreatedOnToolsVersion = 12.4;
					};
				};
			};
			buildConfigurationList = 6A08219726019B450079285D /* Build configuration list for PBXProject "Clicker" */;
			compatibilityVersion = "Xcode 9.3";
			developmentRegion = en;
			hasScannedForEncodings = 0;
			knownRegions = (
				en,
				Base,
			);
			mainGroup = 6A08219326019B450079285D;
			productRefGroup = 6A08219D26019B450079285D /* Products */;
			projectDirPath = "";
			projectRoot = "";
			targets = (
				6A08219B26019B450079285D /* Clicker */,
			);
		};
/* End PBXProject section */

/* Begin PBXResourcesBuildPhase section */
		6A08219A26019B450079285D /* Resources */ = {
			isa = PBXResourcesBuildPhase;
			buildActionMask = 2147483647;
			files = (
				6AC30404261486380056C468 /* swiftimage.jpg in Resources */,
				6A0821AC26019B470079285D /* LaunchScreen.storyboard in Resources */,
				6A694B8C2615B84300816808 /* GoogleService-Info.plist in Resources */,
				6A0821A926019B470079285D /* Assets.xcassets in Resources */,
				6A0821A726019B450079285D /* Main.storyboard in Resources */,
			);
			runOnlyForDeploymentPostprocessing = 0;
		};
/* End PBXResourcesBuildPhase section */

/* Begin PBXShellScriptBuildPhase section */
		64E3DB423EEF1C6D3E1C81D9 /* [CP] Copy Pods Resources */ = {
			isa = PBXShellScriptBuildPhase;
			buildActionMask = 2147483647;
			files = (
			);
			inputFileListPaths = (
				"${PODS_ROOT}/Target Support Files/Pods-Clicker/Pods-Clicker-resources-${CONFIGURATION}-input-files.xcfilelist",
			);
			name = "[CP] Copy Pods Resources";
			outputFileListPaths = (
				"${PODS_ROOT}/Target Support Files/Pods-Clicker/Pods-Clicker-resources-${CONFIGURATION}-output-files.xcfilelist",
			);
			runOnlyForDeploymentPostprocessing = 0;
			shellPath = /bin/sh;
			shellScript = "\"${PODS_ROOT}/Target Support Files/Pods-Clicker/Pods-Clicker-resources.sh\"\n";
			showEnvVarsInLog = 0;
		};
		6D60F8AD0905F85CBB3DFDA8 /* [CP] Check Pods Manifest.lock */ = {
			isa = PBXShellScriptBuildPhase;
			buildActionMask = 2147483647;
			files = (
			);
			inputFileListPaths = (
			);
			inputPaths = (
				"${PODS_PODFILE_DIR_PATH}/Podfile.lock",
				"${PODS_ROOT}/Manifest.lock",
			);
			name = "[CP] Check Pods Manifest.lock";
			outputFileListPaths = (
			);
			outputPaths = (
				"$(DERIVED_FILE_DIR)/Pods-Clicker-checkManifestLockResult.txt",
			);
			runOnlyForDeploymentPostprocessing = 0;
			shellPath = /bin/sh;
			shellScript = "diff \"${PODS_PODFILE_DIR_PATH}/Podfile.lock\" \"${PODS_ROOT}/Manifest.lock\" > /dev/null\nif [ $? != 0 ] ; then\n    # print error to STDERR\n    echo \"error: The sandbox is not in sync with the Podfile.lock. Run 'pod install' or update your CocoaPods installation.\" >&2\n    exit 1\nfi\n# This output is used by Xcode 'outputs' to avoid re-running this script phase.\necho \"SUCCESS\" > \"${SCRIPT_OUTPUT_FILE_0}\"\n";
			showEnvVarsInLog = 0;
		};
/* End PBXShellScriptBuildPhase section */

/* Begin PBXSourcesBuildPhase section */
		6A08219826019B450079285D /* Sources */ = {
			isa = PBXSourcesBuildPhase;
			buildActionMask = 2147483647;
			files = (
				6A0821A426019B450079285D /* ViewController.swift in Sources */,
				6A0821A026019B450079285D /* AppDelegate.swift in Sources */,
				6A765893261376FE00790F29 /* Utilities.swift in Sources */,
				6AC303FE26147A890056C468 /* Constants.swift in Sources */,
				6AB334F426136900006698D8 /* SignUpViewController.swift in Sources */,
				6A9E9B7C26158F57005DAE0A /* LeaderboardTableViewController.swift in Sources */,
				6AB334F726136916006698D8 /* LogInViewController.swift in Sources */,
				6A0821A226019B450079285D /* SceneDelegate.swift in Sources */,
				6AB334FA26136925006698D8 /* HomeViewController.swift in Sources */,
			);
			runOnlyForDeploymentPostprocessing = 0;
		};
/* End PBXSourcesBuildPhase section */

/* Begin PBXVariantGroup section */
		6A0821A526019B450079285D /* Main.storyboard */ = {
			isa = PBXVariantGroup;
			children = (
				6A0821A626019B450079285D /* Base */,
			);
			name = Main.storyboard;
			sourceTree = "<group>";
		};
		6A0821AA26019B470079285D /* LaunchScreen.storyboard */ = {
			isa = PBXVariantGroup;
			children = (
				6A0821AB26019B470079285D /* Base */,
			);
			name = LaunchScreen.storyboard;
			sourceTree = "<group>";
		};
/* End PBXVariantGroup section */

/* Begin XCBuildConfiguration section */
		6A0821AE26019B470079285D /* Debug */ = {
			isa = XCBuildConfiguration;
			buildSettings = {
				ALWAYS_SEARCH_USER_PATHS = NO;
				CLANG_ANALYZER_NONNULL = YES;
				CLANG_ANALYZER_NUMBER_OBJECT_CONVERSION = YES_AGGRESSIVE;
				CLANG_CXX_LANGUAGE_STANDARD = "gnu++14";
				CLANG_CXX_LIBRARY = "libc++";
				CLANG_ENABLE_MODULES = YES;
				CLANG_ENABLE_OBJC_ARC = YES;
				CLANG_ENABLE_OBJC_WEAK = YES;
				CLANG_WARN_BLOCK_CAPTURE_AUTORELEASING = YES;
				CLANG_WARN_BOOL_CONVERSION = YES;
				CLANG_WARN_COMMA = YES;
				CLANG_WARN_CONSTANT_CONVERSION = YES;
				CLANG_WARN_DEPRECATED_OBJC_IMPLEMENTATIONS = YES;
				CLANG_WARN_DIRECT_OBJC_ISA_USAGE = YES_ERROR;
				CLANG_WARN_DOCUMENTATION_COMMENTS = YES;
				CLANG_WARN_EMPTY_BODY = YES;
				CLANG_WARN_ENUM_CONVERSION = YES;
				CLANG_WARN_INFINITE_RECURSION = YES;
				CLANG_WARN_INT_CONVERSION = YES;
				CLANG_WARN_NON_LITERAL_NULL_CONVERSION = YES;
				CLANG_WARN_OBJC_IMPLICIT_RETAIN_SELF = YES;
				CLANG_WARN_OBJC_LITERAL_CONVERSION = YES;
				CLANG_WARN_OBJC_ROOT_CLASS = YES_ERROR;
				CLANG_WARN_QUOTED_INCLUDE_IN_FRAMEWORK_HEADER = YES;
				CLANG_WARN_RANGE_LOOP_ANALYSIS = YES;
				CLANG_WARN_STRICT_PROTOTYPES = YES;
				CLANG_WARN_SUSPICIOUS_MOVE = YES;
				CLANG_WARN_UNGUARDED_AVAILABILITY = YES_AGGRESSIVE;
				CLANG_WARN_UNREACHABLE_CODE = YES;
				CLANG_WARN__DUPLICATE_METHOD_MATCH = YES;
				COPY_PHASE_STRIP = NO;
				DEBUG_INFORMATION_FORMAT = dwarf;
				ENABLE_STRICT_OBJC_MSGSEND = YES;
				ENABLE_TESTABILITY = YES;
				GCC_C_LANGUAGE_STANDARD = gnu11;
				GCC_DYNAMIC_NO_PIC = NO;
				GCC_NO_COMMON_BLOCKS = YES;
				GCC_OPTIMIZATION_LEVEL = 0;
				GCC_PREPROCESSOR_DEFINITIONS = (
					"DEBUG=1",
					"$(inherited)",
				);
				GCC_WARN_64_TO_32_BIT_CONVERSION = YES;
				GCC_WARN_ABOUT_RETURN_TYPE = YES_ERROR;
				GCC_WARN_UNDECLARED_SELECTOR = YES;
				GCC_WARN_UNINITIALIZED_AUTOS = YES_AGGRESSIVE;
				GCC_WARN_UNUSED_FUNCTION = YES;
				GCC_WARN_UNUSED_VARIABLE = YES;
				IPHONEOS_DEPLOYMENT_TARGET = 14.4;
				MTL_ENABLE_DEBUG_INFO = INCLUDE_SOURCE;
				MTL_FAST_MATH = YES;
				ONLY_ACTIVE_ARCH = YES;
				SDKROOT = iphoneos;
				SWIFT_ACTIVE_COMPILATION_CONDITIONS = DEBUG;
				SWIFT_OPTIMIZATION_LEVEL = "-Onone";
			};
			name = Debug;
		};
		6A0821AF26019B470079285D /* Release */ = {
			isa = XCBuildConfiguration;
			buildSettings = {
				ALWAYS_SEARCH_USER_PATHS = NO;
				CLANG_ANALYZER_NONNULL = YES;
				CLANG_ANALYZER_NUMBER_OBJECT_CONVERSION = YES_AGGRESSIVE;
				CLANG_CXX_LANGUAGE_STANDARD = "gnu++14";
				CLANG_CXX_LIBRARY = "libc++";
				CLANG_ENABLE_MODULES = YES;
				CLANG_ENABLE_OBJC_ARC = YES;
				CLANG_ENABLE_OBJC_WEAK = YES;
				CLANG_WARN_BLOCK_CAPTURE_AUTORELEASING = YES;
				CLANG_WARN_BOOL_CONVERSION = YES;
				CLANG_WARN_COMMA = YES;
				CLANG_WARN_CONSTANT_CONVERSION = YES;
				CLANG_WARN_DEPRECATED_OBJC_IMPLEMENTATIONS = YES;
				CLANG_WARN_DIRECT_OBJC_ISA_USAGE = YES_ERROR;
				CLANG_WARN_DOCUMENTATION_COMMENTS = YES;
				CLANG_WARN_EMPTY_BODY = YES;
				CLANG_WARN_ENUM_CONVERSION = YES;
				CLANG_WARN_INFINITE_RECURSION = YES;
				CLANG_WARN_INT_CONVERSION = YES;
				CLANG_WARN_NON_LITERAL_NULL_CONVERSION = YES;
				CLANG_WARN_OBJC_IMPLICIT_RETAIN_SELF = YES;
				CLANG_WARN_OBJC_LITERAL_CONVERSION = YES;
				CLANG_WARN_OBJC_ROOT_CLASS = YES_ERROR;
				CLANG_WARN_QUOTED_INCLUDE_IN_FRAMEWORK_HEADER = YES;
				CLANG_WARN_RANGE_LOOP_ANALYSIS = YES;
				CLANG_WARN_STRICT_PROTOTYPES = YES;
				CLANG_WARN_SUSPICIOUS_MOVE = YES;
				CLANG_WARN_UNGUARDED_AVAILABILITY = YES_AGGRESSIVE;
				CLANG_WARN_UNREACHABLE_CODE = YES;
				CLANG_WARN__DUPLICATE_METHOD_MATCH = YES;
				COPY_PHASE_STRIP = NO;
				DEBUG_INFORMATION_FORMAT = "dwarf-with-dsym";
				ENABLE_NS_ASSERTIONS = NO;
				ENABLE_STRICT_OBJC_MSGSEND = YES;
				GCC_C_LANGUAGE_STANDARD = gnu11;
				GCC_NO_COMMON_BLOCKS = YES;
				GCC_WARN_64_TO_32_BIT_CONVERSION = YES;
				GCC_WARN_ABOUT_RETURN_TYPE = YES_ERROR;
				GCC_WARN_UNDECLARED_SELECTOR = YES;
				GCC_WARN_UNINITIALIZED_AUTOS = YES_AGGRESSIVE;
				GCC_WARN_UNUSED_FUNCTION = YES;
				GCC_WARN_UNUSED_VARIABLE = YES;
				IPHONEOS_DEPLOYMENT_TARGET = 14.4;
				MTL_ENABLE_DEBUG_INFO = NO;
				MTL_FAST_MATH = YES;
				SDKROOT = iphoneos;
				SWIFT_COMPILATION_MODE = wholemodule;
				SWIFT_OPTIMIZATION_LEVEL = "-O";
				VALIDATE_PRODUCT = YES;
			};
			name = Release;
		};
		6A0821B126019B470079285D /* Debug */ = {
			isa = XCBuildConfiguration;
			baseConfigurationReference = 18FE24A3DF95F84F3FEDC26C /* Pods-Clicker.debug.xcconfig */;
			buildSettings = {
				ASSETCATALOG_COMPILER_APPICON_NAME = AppIcon;
				ASSETCATALOG_COMPILER_GLOBAL_ACCENT_COLOR_NAME = AccentColor;
				CODE_SIGN_STYLE = Automatic;
				INFOPLIST_FILE = Clicker/Info.plist;
				LD_RUNPATH_SEARCH_PATHS = (
					"$(inherited)",
					"@executable_path/Frameworks",
				);
				PRODUCT_BUNDLE_IDENTIFIER = sg.ri.nianny.Clicker;
				PRODUCT_NAME = "$(TARGET_NAME)";
				SWIFT_VERSION = 5.0;
				TARGETED_DEVICE_FAMILY = "1,2";
			};
			name = Debug;
		};
		6A0821B226019B470079285D /* Release */ = {
			isa = XCBuildConfiguration;
			baseConfigurationReference = B13D33DAD3BD0D03949B1884 /* Pods-Clicker.release.xcconfig */;
			buildSettings = {
				ASSETCATALOG_COMPILER_APPICON_NAME = AppIcon;
				ASSETCATALOG_COMPILER_GLOBAL_ACCENT_COLOR_NAME = AccentColor;
				CODE_SIGN_STYLE = Automatic;
				INFOPLIST_FILE = Clicker/Info.plist;
				LD_RUNPATH_SEARCH_PATHS = (
					"$(inherited)",
					"@executable_path/Frameworks",
				);
				PRODUCT_BUNDLE_IDENTIFIER = sg.ri.nianny.Clicker;
				PRODUCT_NAME = "$(TARGET_NAME)";
				SWIFT_VERSION = 5.0;
				TARGETED_DEVICE_FAMILY = "1,2";
			};
			name = Release;
		};
/* End XCBuildConfiguration section */

/* Begin XCConfigurationList section */
		6A08219726019B450079285D /* Build configuration list for PBXProject "Clicker" */ = {
			isa = XCConfigurationList;
			buildConfigurations = (
				6A0821AE26019B470079285D /* Debug */,
				6A0821AF26019B470079285D /* Release */,
			);
			defaultConfigurationIsVisible = 0;
			defaultConfigurationName = Release;
		};
		6A0821B026019B470079285D /* Build configuration list for PBXNativeTarget "Clicker" */ = {
			isa = XCConfigurationList;
			buildConfigurations = (
				6A0821B126019B470079285D /* Debug */,
				6A0821B226019B470079285D /* Release */,
			);
			defaultConfigurationIsVisible = 0;
			defaultConfigurationName = Release;
		};
/* End XCConfigurationList section */
	};
	rootObject = 6A08219426019B450079285D /* Project object */;
}
